
Microsoft Visual Studio Solution File, Format Version 12.00
# Visual Studio Version 16
VisualStudioVersion = 16.0.31515.178
MinimumVisualStudioVersion = 10.0.40219.1
Project("{9A19103F-16F7-4668-BE54-9A1E7A4F7556}") = "Numbers2WordsWebPage", "Numbers2Words\Numbers2WordsWebPage.csproj", "{A8D0F70E-A3A3-454F-9885-0B478432107E}"
EndProject
Project("{9A19103F-16F7-4668-BE54-9A1E7A4F7556}") = "Numbers2WordsTests", "Numbers2WordsTests\Numbers2WordsTests.csproj", "{7768F713-ADBF-48A1-8BFA-8FF186E897A4}"
EndProject
Project("{FAE04EC0-301F-11D3-BF4B-00C04F79EFBC}") = "Numbers2WordsLogic", "Numbers2WordsLogic\Numbers2WordsLogic.csproj", "{4C7C5A4C-0662-4634-B2FD-7DEBF5D23ECC}"
EndProject
Global
	GlobalSection(SolutionConfigurationPlatforms) = preSolution
		Debug|Any CPU = Debug|Any CPU
		Release|Any CPU = Release|Any CPU
	EndGlobalSection
	GlobalSection(ProjectConfigurationPlatforms) = postSolution
		{A8D0F70E-A3A3-454F-9885-0B478432107E}.Debug|Any CPU.ActiveCfg = Debug|Any CPU
		{A8D0F70E-A3A3-454F-9885-0B478432107E}.Debug|Any CPU.Build.0 = Debug|Any CPU
		{A8D0F70E-A3A3-454F-9885-0B478432107E}.Release|Any CPU.ActiveCfg = Release|Any CPU
		{A8D0F70E-A3A3-454F-9885-0B478432107E}.Release|Any CPU.Build.0 = Release|Any CPU
		{7768F713-ADBF-48A1-8BFA-8FF186E897A4}.Debug|Any CPU.ActiveCfg = Debug|Any CPU
		{7768F713-ADBF-48A1-8BFA-8FF186E897A4}.Debug|Any CPU.Build.0 = Debug|Any CPU
		{7768F713-ADBF-48A1-8BFA-8FF186E897A4}.Release|Any CPU.ActiveCfg = Release|Any CPU
		{7768F713-ADBF-48A1-8BFA-8FF186E897A4}.Release|Any CPU.Build.0 = Release|Any CPU
		{4C7C5A4C-0662-4634-B2FD-7DEBF5D23ECC}.Debug|Any CPU.ActiveCfg = Debug|Any CPU
		{4C7C5A4C-0662-4634-B2FD-7DEBF5D23ECC}.Debug|Any CPU.Build.0 = Debug|Any CPU
		{4C7C5A4C-0662-4634-B2FD-7DEBF5D23ECC}.Release|Any CPU.ActiveCfg = Release|Any CPU
		{4C7C5A4C-0662-4634-B2FD-7DEBF5D23ECC}.Release|Any CPU.Build.0 = Release|Any CPU
	EndGlobalSection
	GlobalSection(SolutionProperties) = preSolution
		HideSolutionNode = FALSE
	EndGlobalSection
	GlobalSection(ExtensibilityGlobals) = postSolution
		SolutionGuid = {55BE0D1D-3210-4BB4-B6E7-D873656BF19B}
	EndGlobalSection
EndGlobal
